# THIS IS AN AUTOGENERATED FILE. DO NOT EDIT THIS FILE DIRECTLY.
# yarn lockfile v1


"@aws-crypto/sha256-browser@5.2.0":
  version "5.2.0"
  resolved "https://registry.yarnpkg.com/@aws-crypto/sha256-browser/-/sha256-browser-5.2.0.tgz#153895ef1dba6f9fce38af550e0ef58988eb649e"
  integrity sha512-AXfN/lGotSQwu6HNcEsIASo7kWXZ5HYWvfOmSNKDsEqC4OashTp8alTmaz+F7TC2L083SFv5RdB+qU3Vs1kZqw==
  dependencies:
    "@aws-crypto/sha256-js" "^5.2.0"
    "@aws-crypto/supports-web-crypto" "^5.2.0"
    "@aws-crypto/util" "^5.2.0"
    "@aws-sdk/types" "^3.222.0"
    "@aws-sdk/util-locate-window" "^3.0.0"
    "@smithy/util-utf8" "^2.0.0"
    tslib "^2.6.2"

"@aws-crypto/sha256-js@5.2.0", "@aws-crypto/sha256-js@^5.2.0":
  version "5.2.0"
  resolved "https://registry.yarnpkg.com/@aws-crypto/sha256-js/-/sha256-js-5.2.0.tgz#c4fdb773fdbed9a664fc1a95724e206cf3860042"
  integrity sha512-FFQQyu7edu4ufvIZ+OadFpHHOt+eSTBaYaki44c+akjg7qZg9oOQeLlk77F6tSYqjDAFClrHJk9tMf0HdVyOvA==
  dependencies:
    "@aws-crypto/util" "^5.2.0"
    "@aws-sdk/types" "^3.222.0"
    tslib "^2.6.2"

"@aws-crypto/supports-web-crypto@^5.2.0":
  version "5.2.0"
  resolved "https://registry.yarnpkg.com/@aws-crypto/supports-web-crypto/-/supports-web-crypto-5.2.0.tgz#a1e399af29269be08e695109aa15da0a07b5b5fb"
  integrity sha512-iAvUotm021kM33eCdNfwIN//F77/IADDSs58i+MDaOqFrVjZo9bAal0NK7HurRuWLLpF1iLX7gbWrjHjeo+YFg==
  dependencies:
    tslib "^2.6.2"

"@aws-crypto/util@^5.2.0":
  version "5.2.0"
  resolved "https://registry.yarnpkg.com/@aws-crypto/util/-/util-5.2.0.tgz#71284c9cffe7927ddadac793c14f14886d3876da"
  integrity sha512-4RkU9EsI6ZpBve5fseQlGNUWKMa1RLPQ1dnjnQoe07ldfIzcsGb5hC5W0Dm7u423KWzawlrpbjXBrXCEv9zazQ==
  dependencies:
    "@aws-sdk/types" "^3.222.0"
    "@smithy/util-utf8" "^2.0.0"
    tslib "^2.6.2"

"@aws-sdk/client-secrets-manager@^3.947.0":
  version "3.1038.0"
  resolved "https://registry.yarnpkg.com/@aws-sdk/client-secrets-manager/-/client-secrets-manager-3.1038.0.tgz#479dd55bda02d0dc138c75e2bd8716c6b1c721a5"
  integrity sha512-cTNiqnVErYo8fCb7dw/BnHiubfWJIE1Ur97DT5faTncI8OEibs1A7E1GyD9Y5L77xn8edB5XJ4WBwBlTdyzk+Q==
  dependencies:
    "@aws-crypto/sha256-browser" "5.2.0"
    "@aws-crypto/sha256-js" "5.2.0"
    "@aws-sdk/core" "^3.974.6"
    "@aws-sdk/credential-provider-node" "^3.972.37"
    "@aws-sdk/middleware-host-header" "^3.972.10"
    "@aws-sdk/middleware-logger" "^3.972.10"
    "@aws-sdk/middleware-recursion-detection" "^3.972.11"
    "@aws-sdk/middleware-user-agent" "^3.972.36"
    "@aws-sdk/region-config-resolver" "^3.972.13"
    "@aws-sdk/types" "^3.973.8"
    "@aws-sdk/util-endpoints" "^3.996.8"
    "@aws-sdk/util-user-agent-browser" "^3.972.10"
    "@aws-sdk/util-user-agent-node" "^3.973.22"
    "@smithy/config-resolver" "^4.4.17"
    "@smithy/core" "^3.23.17"
    "@smithy/fetch-http-handler" "^5.3.17"
    "@smithy/hash-node" "^4.2.14"
    "@smithy/invalid-dependency" "^4.2.14"
    "@smithy/middleware-content-length" "^4.2.14"
    "@smithy/middleware-endpoint" "^4.4.32"
    "@smithy/middleware-retry" "^4.5.6"
    "@smithy/middleware-serde" "^4.2.20"
    "@smithy/middleware-stack" "^4.2.14"
    "@smithy/node-config-provider" "^4.3.14"
    "@smithy/node-http-handler" "^4.6.1"
    "@smithy/protocol-http" "^5.3.14"
    "@smithy/smithy-client" "^4.12.13"
    "@smithy/types" "^4.14.1"
    "@smithy/url-parser" "^4.2.14"
    "@smithy/util-base64" "^4.3.2"
    "@smithy/util-body-length-browser" "^4.2.2"
    "@smithy/util-body-length-node" "^4.2.3"
    "@smithy/util-defaults-mode-browser" "^4.3.49"
    "@smithy/util-defaults-mode-node" "^4.2.54"
    "@smithy/util-endpoints" "^3.4.2"
    "@smithy/util-middleware" "^4.2.14"
    "@smithy/util-retry" "^4.3.5"
    "@smithy/util-utf8" "^4.2.2"
    tslib "^2.6.2"

"@aws-sdk/core@^3.974.6":
  version "3.974.6"
  resolved "https://registry.yarnpkg.com/@aws-sdk/core/-/core-3.974.6.tgz#c945af325d56b122cd75e21d3d0d9c759f803843"
  integrity sha512-8Vu7zGxu+39ChR/s5J7nXBw3a2kMHAi0OfKT8ohgTVjX0qYed/8mIfdBb638oBmKrWCwwKjYAM5J/4gMJ8nAJA==
  dependencies:
    "@aws-sdk/types" "^3.973.8"
    "@aws-sdk/xml-builder" "^3.972.20"
    "@smithy/core" "^3.23.17"
    "@smithy/node-config-provider" "^4.3.14"
    "@smithy/property-provider" "^4.2.14"
    "@smithy/protocol-http" "^5.3.14"
    "@smithy/signature-v4" "^5.3.14"
    "@smithy/smithy-client" "^4.12.13"
    "@smithy/types" "^4.14.1"
    "@smithy/util-base64" "^4.3.2"
    "@smithy/util-middleware" "^4.2.14"
    "@smithy/util-retry" "^4.3.5"
    "@smithy/util-utf8" "^4.2.2"
    tslib "^2.6.2"

"@aws-sdk/credential-provider-env@^3.972.32":
  version "3.972.32"
  resolved "https://registry.yarnpkg.com/@aws-sdk/credential-provider-env/-/credential-provider-env-3.972.32.tgz#bb6421c71de2f5dab2a996c48ad39a3b646b1b28"
  integrity sha512-7vA4GHg8NSmQxquJHSBcSM3RgB4ZaaRi6u4+zGFKOmOH6aqlgr2Sda46clkZDYzlirgfY96w15Zj0jh6PT48ng==
  dependencies:
    "@aws-sdk/core" "^3.974.6"
    "@aws-sdk/types" "^3.973.8"
    "@smithy/property-provider" "^4.2.14"
    "@smithy/types" "^4.14.1"
    tslib "^2.6.2"

"@aws-sdk/credential-provider-http@^3.972.34":
  version "3.972.34"
  resolved "https://registry.yarnpkg.com/@aws-sdk/credential-provider-http/-/credential-provider-http-3.972.34.tgz#f0f9eecf93371e42217ad4382904f2d0dd2c22cd"
  integrity sha512-vBrhWujFCLp1u8ptJRWYlipMutzPptb8pDQ00rKVH9q67T7rGd3VTWIj63aKrlLuY6qSsw1Rt5F/D/7wnNgryA==
  dependencies:
    "@aws-sdk/core" "^3.974.6"
    "@aws-sdk/types" "^3.973.8"
    "@smithy/fetch-http-handler" "^5.3.17"
    "@smithy/node-http-handler" "^4.6.1"
    "@smithy/property-provider" "^4.2.14"
    "@smithy/protocol-http" "^5.3.14"
    "@smithy/smithy-client" "^4.12.13"
    "@smithy/types" "^4.14.1"
    "@smithy/util-stream" "^4.5.25"
    tslib "^2.6.2"

"@aws-sdk/credential-provider-ini@^3.972.36":
  version "3.972.36"
  resolved "https://registry.yarnpkg.com/@aws-sdk/credential-provider-ini/-/credential-provider-ini-3.972.36.tgz#d5ad2c627766990811967b82b996bfa29020fd2a"
  integrity sha512-FBHyCmV8EB0gUvh1d+CZm87zt2PrdC7OyWexLRoH3I5zWSOUGa+9t58Y5jbxRfwUp3AWpHAFvKY6YzgR845sVA==
  dependencies:
    "@aws-sdk/core" "^3.974.6"
    "@aws-sdk/credential-provider-env" "^3.972.32"
    "@aws-sdk/credential-provider-http" "^3.972.34"
    "@aws-sdk/credential-provider-login" "^3.972.36"
    "@aws-sdk/credential-provider-process" "^3.972.32"
    "@aws-sdk/credential-provider-sso" "^3.972.36"
    "@aws-sdk/credential-provider-web-identity" "^3.972.36"
    "@aws-sdk/nested-clients" "^3.997.4"
    "@aws-sdk/types" "^3.973.8"
    "@smithy/credential-provider-imds" "^4.2.14"
    "@smithy/property-provider" "^4.2.14"
    "@smithy/shared-ini-file-loader" "^4.4.9"
    "@smithy/types" "^4.14.1"
    tslib "^2.6.2"

"@aws-sdk/credential-provider-login@^3.972.36":
  version "3.972.36"
  resolved "https://registry.yarnpkg.com/@aws-sdk/credential-provider-login/-/credential-provider-login-3.972.36.tgz#21dacb3ac08b3c0da5fbc8b0b3b69bd574765fad"
  integrity sha512-IFap01lJKxQc0C/OHmZwZQr/cKq0DhrcmKedRrdnnl42D+P0SImnnnWQjv07uIPqpEdtqmkPXb9TiPYTU+prxQ==
  dependencies:
    "@aws-sdk/core" "^3.974.6"
    "@aws-sdk/nested-clients" "^3.997.4"
    "@aws-sdk/types" "^3.973.8"
    "@smithy/property-provider" "^4.2.14"
    "@smithy/protocol-http" "^5.3.14"
    "@smithy/shared-ini-file-loader" "^4.4.9"
    "@smithy/types" "^4.14.1"
    tslib "^2.6.2"

"@aws-sdk/credential-provider-node@^3.972.37":
  version "3.972.37"
  resolved "https://registry.yarnpkg.com/@aws-sdk/credential-provider-node/-/credential-provider-node-3.972.37.tgz#5545396a3248c74568ab49d2397fc790b1f70241"
  integrity sha512-/WFixFAAiw8WpmjZcI0l4t3DerXLmVinOIfuotmRZnu2qmsFPoqqmstASz0z8bi1pGdFXzeLzf6bwucM3mZcUQ==
  dependencies:
    "@aws-sdk/credential-provider-env" "^3.972.32"
    "@aws-sdk/credential-provider-http" "^3.972.34"
    "@aws-sdk/credential-provider-ini" "^3.972.36"
    "@aws-sdk/credential-provider-process" "^3.972.32"
    "@aws-sdk/credential-provider-sso" "^3.972.36"
    "@aws-sdk/credential-provider-web-identity" "^3.972.36"
    "@aws-sdk/types" "^3.973.8"
    "@smithy/credential-provider-imds" "^4.2.14"
    "@smithy/property-provider" "^4.2.14"
    "@smithy/shared-ini-file-loader" "^4.4.9"
    "@smithy/types" "^4.14.1"
    tslib "^2.6.2"

"@aws-sdk/credential-provider-process@^3.972.32":
  version "3.972.32"
  resolved "https://registry.yarnpkg.com/@aws-sdk/credential-provider-process/-/credential-provider-process-3.972.32.tgz#c2f5a401859637c64126826d595bb523ac1acb7d"
  integrity sha512-uZp4tlGbpczV8QxmtIwOpSkcyGtBRR8/T4BAumRKfAt1nwCig3FSCZvrKl6ARDIDVRYn5p2oRcAsfFR01EgMGA==
  dependencies:
    "@aws-sdk/core" "^3.974.6"
    "@aws-sdk/types" "^3.973.8"
    "@smithy/property-provider" "^4.2.14"
    "@smithy/shared-ini-file-loader" "^4.4.9"
    "@smithy/types" "^4.14.1"
    tslib "^2.6.2"

"@aws-sdk/credential-provider-sso@^3.972.36":
  version "3.972.36"
  resolved "https://registry.yarnpkg.com/@aws-sdk/credential-provider-sso/-/credential-provider-sso-3.972.36.tgz#210e14d5e53f7398ae6ee0833f85dd5a0219372f"
  integrity sha512-DsLr0UHMyKzRJKe2bjlwU8q1cfoXg8TIJKV/xwvnalAemiZLOZunFzj/whGnFDZIBVLdnbLiwv5SvRf1+CSwkg==
  dependencies:
    "@aws-sdk/core" "^3.974.6"
    "@aws-sdk/nested-clients" "^3.997.4"
    "@aws-sdk/token-providers" "3.1038.0"
    "@aws-sdk/types" "^3.973.8"
    "@smithy/property-provider" "^4.2.14"
    "@smithy/shared-ini-file-loader" "^4.4.9"
    "@smithy/types" "^4.14.1"
    tslib "^2.6.2"

"@aws-sdk/credential-provider-web-identity@^3.972.36":
  version "3.972.36"
  resolved "https://registry.yarnpkg.com/@aws-sdk/credential-provider-web-identity/-/credential-provider-web-identity-3.972.36.tgz#40005a41380668bbbc4c9fe6d73dd13cac64e6e0"
  integrity sha512-uzrURO7frJhHQVVNR5zBJcCYeMYflmXcWBK1+MiBym2Dfjh6nXATrMixrmGZi+97Q7ETZ+y/4lUwAy0Nfnznjw==
  dependencies:
    "@aws-sdk/core" "^3.974.6"
    "@aws-sdk/nested-clients" "^3.997.4"
    "@aws-sdk/types" "^3.973.8"
    "@smithy/property-provider" "^4.2.14"
    "@smithy/shared-ini-file-loader" "^4.4.9"
    "@smithy/types" "^4.14.1"
    tslib "^2.6.2"

"@aws-sdk/middleware-host-header@^3.972.10":
  version "3.972.10"
  resolved "https://registry.yarnpkg.com/@aws-sdk/middleware-host-header/-/middleware-host-header-3.972.10.tgz#e63b91959ce46948d789582351b2a44c4876e924"
  integrity sha512-IJSsIMeVQ8MMCPbuh1AbltkFhLBLXn7aejzfX5YKT/VLDHn++Dcz8886tXckE+wQssyPUhaXrJhdakO2VilRhg==
  dependencies:
    "@aws-sdk/types" "^3.973.8"
    "@smithy/protocol-http" "^5.3.14"
    "@smithy/types" "^4.14.1"
    tslib "^2.6.2"

"@aws-sdk/middleware-logger@^3.972.10":
  version "3.972.10"
  resolved "https://registry.yarnpkg.com/@aws-sdk/middleware-logger/-/middleware-logger-3.972.10.tgz#d92b3374dcaddd523930bdff441207946343c270"
  integrity sha512-OOuGvvz1Dm20SjZo5oEBePFqxt5nf8AwkNDSyUHvD9/bfNASmstcYxFAHUowy4n6Io7mWUZ04JURZwSBvyQanQ==
  dependencies:
    "@aws-sdk/types" "^3.973.8"
    "@smithy/types" "^4.14.1"
    tslib "^2.6.2"

"@aws-sdk/middleware-recursion-detection@^3.972.11":
  version "3.972.11"
  resolved "https://registry.yarnpkg.com/@aws-sdk/middleware-recursion-detection/-/middleware-recursion-detection-3.972.11.tgz#5659982a34fa58c69cbd358c2987c32aefd2bd91"
  integrity sha512-+zz6f79Kj9V5qFK2P+D8Ehjnw4AhphAlCAsPjUqEcInA9umtSSKMrHbSagEeOIsDNuvVrH98bjRHcyQukTrhaQ==
  dependencies:
    "@aws-sdk/types" "^3.973.8"
    "@aws/lambda-invoke-store" "^0.2.2"
    "@smithy/protocol-http" "^5.3.14"
    "@smithy/types" "^4.14.1"
    tslib "^2.6.2"

"@aws-sdk/middleware-sdk-s3@^3.972.35":
  version "3.972.35"
  resolved "https://registry.yarnpkg.com/@aws-sdk/middleware-sdk-s3/-/middleware-sdk-s3-3.972.35.tgz#8cbf56d3c31a0ce31a09d1fd56a266b75cf1d28a"
  integrity sha512-lLppaNTAz+wNgLdi4FtHzrlwrGF0ODTnBWHBaFg85SKs0eJ+M+tP5ifrA8f/0lNd+Ak3MC1NGC6RavV3ny4HTg==
  dependencies:
    "@aws-sdk/core" "^3.974.6"
    "@aws-sdk/types" "^3.973.8"
    "@aws-sdk/util-arn-parser" "^3.972.3"
    "@smithy/core" "^3.23.17"
    "@smithy/node-config-provider" "^4.3.14"
    "@smithy/protocol-http" "^5.3.14"
    "@smithy/signature-v4" "^5.3.14"
    "@smithy/smithy-client" "^4.12.13"
    "@smithy/types" "^4.14.1"
    "@smithy/util-config-provider" "^4.2.2"
    "@smithy/util-middleware" "^4.2.14"
    "@smithy/util-stream" "^4.5.25"
    "@smithy/util-utf8" "^4.2.2"
    tslib "^2.6.2"

"@aws-sdk/middleware-user-agent@^3.972.36":
  version "3.972.36"
  resolved "https://registry.yarnpkg.com/@aws-sdk/middleware-user-agent/-/middleware-user-agent-3.972.36.tgz#76fd80d86940c5daf7bf91ebf95966a19c73d870"
  integrity sha512-O2beToxguBvrZFFZ+fFgPbbae8MvyIBjQ6lImee4APHEXXNAD5ZJ2ayLF1mb7rsKw86TM81y5czg82bZncjSjg==
  dependencies:
    "@aws-sdk/core" "^3.974.6"
    "@aws-sdk/types" "^3.973.8"
    "@aws-sdk/util-endpoints" "^3.996.8"
    "@smithy/core" "^3.23.17"
    "@smithy/protocol-http" "^5.3.14"
    "@smithy/types" "^4.14.1"
    "@smithy/util-retry" "^4.3.5"
    tslib "^2.6.2"

"@aws-sdk/nested-clients@^3.997.4":
  version "3.997.4"
  resolved "https://registry.yarnpkg.com/@aws-sdk/nested-clients/-/nested-clients-3.997.4.tgz#674c14256b870fab0a1c0a0567be8e1c9026fdee"
  integrity sha512-4Sf+WY1lMJzXlw5MiyCMe/UzdILCwvuaHThbqMXS6dfh9gZy3No360I42RXquOI/ULUOhWy2HCyU0Fp20fQGPQ==
  dependencies:
    "@aws-crypto/sha256-browser" "5.2.0"
    "@aws-crypto/sha256-js" "5.2.0"
    "@aws-sdk/core" "^3.974.6"
    "@aws-sdk/middleware-host-header" "^3.972.10"
    "@aws-sdk/middleware-logger" "^3.972.10"
    "@aws-sdk/middleware-recursion-detection" "^3.972.11"
    "@aws-sdk/middleware-user-agent" "^3.972.36"
    "@aws-sdk/region-config-resolver" "^3.972.13"
    "@aws-sdk/signature-v4-multi-region" "^3.996.23"
    "@aws-sdk/types" "^3.973.8"
    "@aws-sdk/util-endpoints" "^3.996.8"
    "@aws-sdk/util-user-agent-browser" "^3.972.10"
    "@aws-sdk/util-user-agent-node" "^3.973.22"
    "@smithy/config-resolver" "^4.4.17"
    "@smithy/core" "^3.23.17"
    "@smithy/fetch-http-handler" "^5.3.17"
    "@smithy/hash-node" "^4.2.14"
    "@smithy/invalid-dependency" "^4.2.14"
    "@smithy/middleware-content-length" "^4.2.14"
    "@smithy/middleware-endpoint" "^4.4.32"
    "@smithy/middleware-retry" "^4.5.6"
    "@smithy/middleware-serde" "^4.2.20"
    "@smithy/middleware-stack" "^4.2.14"
    "@smithy/node-config-provider" "^4.3.14"
    "@smithy/node-http-handler" "^4.6.1"
    "@smithy/protocol-http" "^5.3.14"
    "@smithy/smithy-client" "^4.12.13"
    "@smithy/types" "^4.14.1"
    "@smithy/url-parser" "^4.2.14"
    "@smithy/util-base64" "^4.3.2"
    "@smithy/util-body-length-browser" "^4.2.2"
    "@smithy/util-body-length-node" "^4.2.3"
    "@smithy/util-defaults-mode-browser" "^4.3.49"
    "@smithy/util-defaults-mode-node" "^4.2.54"
    "@smithy/util-endpoints" "^3.4.2"
    "@smithy/util-middleware" "^4.2.14"
    "@smithy/util-retry" "^4.3.5"
    "@smithy/util-utf8" "^4.2.2"
    tslib "^2.6.2"

"@aws-sdk/region-config-resolver@^3.972.13":
  version "3.972.13"
  resolved "https://registry.yarnpkg.com/@aws-sdk/region-config-resolver/-/region-config-resolver-3.972.13.tgz#bd32748c2d41b62be838fec76c4b87d4370939c6"
  integrity sha512-CvJ2ZIjK/jVD/lbOpowBVElJyC1YxLTIJ13yM0AEo0t2v7swOzGjSA6lJGH+DwZXQhcjUjoYwc8bVYCX5MDr1A==
  dependencies:
    "@aws-sdk/types" "^3.973.8"
    "@smithy/config-resolver" "^4.4.17"
    "@smithy/node-config-provider" "^4.3.14"
    "@smithy/types" "^4.14.1"
    tslib "^2.6.2"

"@aws-sdk/signature-v4-multi-region@^3.996.23":
  version "3.996.23"
  resolved "https://registry.yarnpkg.com/@aws-sdk/signature-v4-multi-region/-/signature-v4-multi-region-3.996.23.tgz#a275afc0d1727c4fe9cd67c965071a27c5f0b87c"
  integrity sha512-wBbys3Y53Ikly556vyADurKpYQHXS7Jjaskbz+Ga9PZCz7PB/9f3VdKbDlz7dqIzn+xwz7L/a6TR4iXcOi8IRw==
  dependencies:
    "@aws-sdk/middleware-sdk-s3" "^3.972.35"
    "@aws-sdk/types" "^3.973.8"
    "@smithy/protocol-http" "^5.3.14"
    "@smithy/signature-v4" "^5.3.14"
    "@smithy/types" "^4.14.1"
    tslib "^2.6.2"

"@aws-sdk/token-providers@3.1038.0":
  version "3.1038.0"
  resolved "https://registry.yarnpkg.com/@aws-sdk/token-providers/-/token-providers-3.1038.0.tgz#9f0583bb79bc798f8f33876ff6fce3072dfca760"
  integrity sha512-Qniru+9oGGb/HNK/gGZWbV3jsD0k71ngE7qMQ/x6gYNYLd2EOwHCS6E2E6jfkaqO4i0d+nNKmfRy8bNcshKdGQ==
  dependencies:
    "@aws-sdk/core" "^3.974.6"
    "@aws-sdk/nested-clients" "^3.997.4"
    "@aws-sdk/types" "^3.973.8"
    "@smithy/property-provider" "^4.2.14"
    "@smithy/shared-ini-file-loader" "^4.4.9"
    "@smithy/types" "^4.14.1"
    tslib "^2.6.2"

"@aws-sdk/types@^3.222.0", "@aws-sdk/types@^3.973.8":
  version "3.973.8"
  resolved "https://registry.yarnpkg.com/@aws-sdk/types/-/types-3.973.8.tgz#7352cb74a5f8bae1218eee63e714cf94302911c5"
  integrity sha512-gjlAdtHMbtR9X5iIhVUvbVcy55KnznpC6bkDUWW9z915bi0ckdUr5cjf16Kp6xq0bP5HBD2xzgbL9F9Quv5vUw==
  dependencies:
    "@smithy/types" "^4.14.1"
    tslib "^2.6.2"

"@aws-sdk/util-arn-parser@^3.972.3":
  version "3.972.3"
  resolved "https://registry.yarnpkg.com/@aws-sdk/util-arn-parser/-/util-arn-parser-3.972.3.tgz#ed989862bbb172ce16d9e1cd5790e5fe367219c2"
  integrity sha512-HzSD8PMFrvgi2Kserxuff5VitNq2sgf3w9qxmskKDiDTThWfVteJxuCS9JXiPIPtmCrp+7N9asfIaVhBFORllA==
  dependencies:
    tslib "^2.6.2"

"@aws-sdk/util-endpoints@^3.996.8":
  version "3.996.8"
  resolved "https://registry.yarnpkg.com/@aws-sdk/util-endpoints/-/util-endpoints-3.996.8.tgz#ad5c4f09b93482c0861d49d8a025edc2b0d2f5ec"
  integrity sha512-oOZHcRDihk5iEe5V25NVWg45b3qEA8OpHWVdU/XQh8Zj4heVPAJqWvMphQnU7LkufmUo10EpvFPZuQMiFLJK3g==
  dependencies:
    "@aws-sdk/types" "^3.973.8"
    "@smithy/types" "^4.14.1"
    "@smithy/url-parser" "^4.2.14"
    "@smithy/util-endpoints" "^3.4.2"
    tslib "^2.6.2"

"@aws-sdk/util-locate-window@^3.0.0":
  version "3.965.5"
  resolved "https://registry.yarnpkg.com/@aws-sdk/util-locate-window/-/util-locate-window-3.965.5.tgz#e30e6ff2aff6436209ed42c765dec2d2a48df7c0"
  integrity sha512-WhlJNNINQB+9qtLtZJcpQdgZw3SCDCpXdUJP7cToGwHbCWCnRckGlc6Bx/OhWwIYFNAn+FIydY8SZ0QmVu3xTQ==
  dependencies:
    tslib "^2.6.2"

"@aws-sdk/util-user-agent-browser@^3.972.10":
  version "3.972.10"
  resolved "https://registry.yarnpkg.com/@aws-sdk/util-user-agent-browser/-/util-user-agent-browser-3.972.10.tgz#e29be10389db9db12b2d8246ad247a89038f4c60"
  integrity sha512-FAzqXvfEssGdSIz8ejatan0bOdx1qefBWKF/gWmVBXIP1HkS7v/wjjaqrAGGKvyihrXTXW00/2/1nTJtxpXz7g==
  dependencies:
    "@aws-sdk/types" "^3.973.8"
    "@smithy/types" "^4.14.1"
    bowser "^2.11.0"
    tslib "^2.6.2"

"@aws-sdk/util-user-agent-node@^3.973.22":
  version "3.973.22"
  resolved "https://registry.yarnpkg.com/@aws-sdk/util-user-agent-node/-/util-user-agent-node-3.973.22.tgz#efbbdb819cb58ac23e5e6787c437242f9931a565"
  integrity sha512-YTYqTmOUrwbm1h99Ee4y/mVYpFRl0oSO/amtP5cc1BZZWdaAVWs9zj3TkyRHWvR9aI/ZS8m3mS6awXtYUlWyaw==
  dependencies:
    "@aws-sdk/middleware-user-agent" "^3.972.36"
    "@aws-sdk/types" "^3.973.8"
    "@smithy/node-config-provider" "^4.3.14"
    "@smithy/types" "^4.14.1"
    "@smithy/util-config-provider" "^4.2.2"
    tslib "^2.6.2"

"@aws-sdk/xml-builder@^3.972.20":
  version "3.972.21"
  resolved "https://registry.yarnpkg.com/@aws-sdk/xml-builder/-/xml-builder-3.972.21.tgz#8c6a0f17eed26d45e9d30546cd32d56b200dbb22"
  integrity sha512-qxNiHUtlrsjTeSlrPWiFkWps7uD6YB4eKzg7eLAFH8jbiHTlt0ePNlo2Xu+WlftP38JIcMaIX4jTUjOlE2ySWw==
  dependencies:
    "@nodable/entities" "2.1.0"
    "@smithy/types" "^4.14.1"
    fast-xml-parser "5.7.2"
    tslib "^2.6.2"

"@aws/lambda-invoke-store@^0.2.2":
  version "0.2.4"
  resolved "https://registry.yarnpkg.com/@aws/lambda-invoke-store/-/lambda-invoke-store-0.2.4.tgz#802f6a50f6b6589063ef63ba8acdee86fcb9f395"
  integrity sha512-iY8yvjE0y651BixKNPgmv1WrQc+GZ142sb0z4gYnChDDY2YqI4P/jsSopBWrKfAt7LOJAkOXt7rC/hms+WclQQ==

"@nodable/entities@2.1.0", "@nodable/entities@^2.1.0":
  version "2.1.0"
  resolved "https://registry.yarnpkg.com/@nodable/entities/-/entities-2.1.0.tgz#f543e5c6446720d4cf9e498a83019dd159973bc2"
  integrity sha512-nyT7T3nbMyBI/lvr6L5TyWbFJAI9FTgVRakNoBqCD+PmID8DzFrrNdLLtHMwMszOtqZa8PAOV24ZqDnQrhQINA==

"@smithy/config-resolver@^4.4.17":
  version "4.4.17"
  resolved "https://registry.yarnpkg.com/@smithy/config-resolver/-/config-resolver-4.4.17.tgz#5bd7ccf461e126c79072ce84c6b0f3d00b3409bc"
  integrity sha512-TzDZcAnhTyAHbXVxWZo7/tEcrIeFq20IBk8So3OLOetWpR8EwY/yEqBMBFaJMeyEiREDq4NfEl+qO3OAUD+vbQ==
  dependencies:
    "@smithy/node-config-provider" "^4.3.14"
    "@smithy/types" "^4.14.1"
    "@smithy/util-config-provider" "^4.2.2"
    "@smithy/util-endpoints" "^3.4.2"
    "@smithy/util-middleware" "^4.2.14"
    tslib "^2.6.2"

"@smithy/core@^3.23.17":
  version "3.23.17"
  resolved "https://registry.yarnpkg.com/@smithy/core/-/core-3.23.17.tgz#23d02277c8d6d30a1605afd756696265e48ed67e"
  integrity sha512-x7BlLbUFL8NWCGjMF9C+1N5cVCxcPa7g6Tv9B4A2luWx3be3oU8hQ96wIwxe/s7OhIzvoJH73HAUSg5JXVlEtQ==
  dependencies:
    "@smithy/protocol-http" "^5.3.14"
    "@smithy/types" "^4.14.1"
    "@smithy/url-parser" "^4.2.14"
    "@smithy/util-base64" "^4.3.2"
    "@smithy/util-body-length-browser" "^4.2.2"
    "@smithy/util-middleware" "^4.2.14"
    "@smithy/util-stream" "^4.5.25"
    "@smithy/util-utf8" "^4.2.2"
    "@smithy/uuid" "^1.1.2"
    tslib "^2.6.2"

"@smithy/credential-provider-imds@^4.2.14":
  version "4.2.14"
  resolved "https://registry.yarnpkg.com/@smithy/credential-provider-imds/-/credential-provider-imds-4.2.14.tgz#b5dcc198ee240eaf68069e7449bcec29ce279827"
  integrity sha512-Au28zBN48ZAoXdooGUHemuVBrkE+Ie6RPmGNIAJsFqj33Vhb6xAgRifUydZ2aY+M+KaMAETAlKk5NC5h1G7wpg==
  dependencies:
    "@smithy/node-config-provider" "^4.3.14"
    "@smithy/property-provider" "^4.2.14"
    "@smithy/types" "^4.14.1"
    "@smithy/url-parser" "^4.2.14"
    tslib "^2.6.2"

"@smithy/fetch-http-handler@^5.3.17":
  version "5.3.17"
  resolved "https://registry.yarnpkg.com/@smithy/fetch-http-handler/-/fetch-http-handler-5.3.17.tgz#bf13a4b03eb8afe101775fef59a1758f8fb5cd4b"
  integrity sha512-bXOvQzaSm6MnmLaWA1elgfQcAtN4UP3vXqV97bHuoOrHQOJiLT3ds6o9eo5bqd0TJfRFpzdGnDQdW3FACiAVdw==
  dependencies:
    "@smithy/protocol-http" "^5.3.14"
    "@smithy/querystring-builder" "^4.2.14"
    "@smithy/types" "^4.14.1"
    "@smithy/util-base64" "^4.3.2"
    tslib "^2.6.2"

"@smithy/hash-node@^4.2.14":
  version "4.2.14"
  resolved "https://registry.yarnpkg.com/@smithy/hash-node/-/hash-node-4.2.14.tgz#e3ed33dc614e26fff5f043e097750c6931b48592"
  integrity sha512-8ZBDY2DD4wr+GGjTpPtiglEsqr0lUP+KHqgZcWczFf6qeZ/YRjMIOoQWVQlmwu7EtxKTd8YXD8lblmYcpBIA1g==
  dependencies:
    "@smithy/types" "^4.14.1"
    "@smithy/util-buffer-from" "^4.2.2"
    "@smithy/util-utf8" "^4.2.2"
    tslib "^2.6.2"

"@smithy/invalid-dependency@^4.2.14":
  version "4.2.14"
  resolved "https://registry.yarnpkg.com/@smithy/invalid-dependency/-/invalid-dependency-4.2.14.tgz#a52766f9d4299abcd9d6cd23b5a76f34fc59c7a0"
  integrity sha512-c21qJiTSb25xvvOp+H2TNZzPCngrvl5vIPqPB8zQ/DmJF4QWXO19x1dWfMJZ6wZuuWUPPm0gV8C0cU3+ifcWuw==
  dependencies:
    "@smithy/types" "^4.14.1"
    tslib "^2.6.2"

"@smithy/is-array-buffer@^2.2.0":
  version "2.2.0"
  resolved "https://registry.yarnpkg.com/@smithy/is-array-buffer/-/is-array-buffer-2.2.0.tgz#f84f0d9f9a36601a9ca9381688bd1b726fd39111"
  integrity sha512-GGP3O9QFD24uGeAXYUjwSTXARoqpZykHadOmA8G5vfJPK0/DC67qa//0qvqrJzL1xc8WQWX7/yc7fwudjPHPhA==
  dependencies:
    tslib "^2.6.2"

"@smithy/is-array-buffer@^4.2.2":
  version "4.2.2"
  resolved "https://registry.yarnpkg.com/@smithy/is-array-buffer/-/is-array-buffer-4.2.2.tgz#c401ce54b12a16529eb1c938a0b6c2247cb763b8"
  integrity sha512-n6rQ4N8Jj4YTQO3YFrlgZuwKodf4zUFs7EJIWH86pSCWBaAtAGBFfCM7Wx6D2bBJ2xqFNxGBSrUWswT3M0VJow==
  dependencies:
    tslib "^2.6.2"

"@smithy/middleware-content-length@^4.2.14":
  version "4.2.14"
  resolved "https://registry.yarnpkg.com/@smithy/middleware-content-length/-/middleware-content-length-4.2.14.tgz#d8b17f94c4d8f9c3b7992f1db84d3299c83efe78"
  integrity sha512-xhHq7fX4/3lv5NHxLUk3OeEvl0xZ+Ek3qIbWaCL4f9JwgDZEclPBElljaZCAItdGPQl/kSM4LPMOpy1MYgprpw==
  dependencies:
    "@smithy/protocol-http" "^5.3.14"
    "@smithy/types" "^4.14.1"
    tslib "^2.6.2"

"@smithy/middleware-endpoint@^4.4.32":
  version "4.4.32"
  resolved "https://registry.yarnpkg.com/@smithy/middleware-endpoint/-/middleware-endpoint-4.4.32.tgz#4c7dcf06b637b40dfcc53d3b18d1a784a747c530"
  integrity sha512-ZZkgyjnJppiZbIm6Qbx92pbXYi1uzenIvGhBSCDlc7NwuAkiqSgS75j1czAD25ZLs2FjMjYy1q7gyRVWG6JA0Q==
  dependencies:
    "@smithy/core" "^3.23.17"
    "@smithy/middleware-serde" "^4.2.20"
    "@smithy/node-config-provider" "^4.3.14"
    "@smithy/shared-ini-file-loader" "^4.4.9"
    "@smithy/types" "^4.14.1"
    "@smithy/url-parser" "^4.2.14"
    "@smithy/util-middleware" "^4.2.14"
    tslib "^2.6.2"

"@smithy/middleware-retry@^4.5.6":
  version "4.5.6"
  resolved "https://registry.yarnpkg.com/@smithy/middleware-retry/-/middleware-retry-4.5.6.tgz#8f3857c2e654a03a8aaccf8b267aa4d9c2ad1046"
  integrity sha512-5zhmo2AkstmM/RMKYP0NHfmuYWBR+/umlmSuALgajLxf0X0rLE6d17MfzTxpzkILWVhwvCJkCyPH0AfMlbaucQ==
  dependencies:
    "@smithy/core" "^3.23.17"
    "@smithy/node-config-provider" "^4.3.14"
    "@smithy/protocol-http" "^5.3.14"
    "@smithy/service-error-classification" "^4.3.1"
    "@smithy/smithy-client" "^4.12.13"
    "@smithy/types" "^4.14.1"
    "@smithy/util-middleware" "^4.2.14"
    "@smithy/util-retry" "^4.3.5"
    "@smithy/uuid" "^1.1.2"
    tslib "^2.6.2"

"@smithy/middleware-serde@^4.2.20":
  version "4.2.20"
  resolved "https://registry.yarnpkg.com/@smithy/middleware-serde/-/middleware-serde-4.2.20.tgz#76862c8f9b39b08501539440a2e6bca7a77de508"
  integrity sha512-Lx9JMO9vArPtiChE3wbEZ5akMIDQpWQtlu90lhACQmNOXcGXRbaDywMHDzuDZ2OkZzP+9wQfZi3YJT9F67zTQQ==
  dependencies:
    "@smithy/core" "^3.23.17"
    "@smithy/protocol-http" "^5.3.14"
    "@smithy/types" "^4.14.1"
    tslib "^2.6.2"

"@smithy/middleware-stack@^4.2.14":
  version "4.2.14"
  resolved "https://registry.yarnpkg.com/@smithy/middleware-stack/-/middleware-stack-4.2.14.tgz#23a4cf643ccdbde52c8780fe5cc080611efef1c7"
  integrity sha512-2dvkUKLuFdKsCRmOE4Mn63co0Djtsm+JMh0bYZQupN1pJwMeE8FmQmRLLzzEMN0dnNi7CDCYYH8F0EVwWiPBeA==
  dependencies:
    "@smithy/types" "^4.14.1"
    tslib "^2.6.2"

"@smithy/node-config-provider@^4.3.14":
  version "4.3.14"
  resolved "https://registry.yarnpkg.com/@smithy/node-config-provider/-/node-config-provider-4.3.14.tgz#8ca13b86b6123cbb0425d669bd847fcd333ca4bd"
  integrity sha512-S+gFjyo/weSVL0P1b9Ts8C/CwIfNCgUPikk3sl6QVsfE/uUuO+QsF+NsE/JkpvWqqyz1wg7HFdiaZuj5CoBMRg==
  dependencies:
    "@smithy/property-provider" "^4.2.14"
    "@smithy/shared-ini-file-loader" "^4.4.9"
    "@smithy/types" "^4.14.1"
    tslib "^2.6.2"

"@smithy/node-http-handler@^4.6.1":
  version "4.6.1"
  resolved "https://registry.yarnpkg.com/@smithy/node-http-handler/-/node-http-handler-4.6.1.tgz#cb25b9445e46294a6f0dfb1566dbf2a1a19510af"
  integrity sha512-iB+orM4x3xrr57X3YaXazfKnntl0LHlZB1kcXSGzMV1Tt0+YwEjGlbjk/44qEGtBzXAz6yFDzkYTKSV6Pj2HUg==
  dependencies:
    "@smithy/protocol-http" "^5.3.14"
    "@smithy/querystring-builder" "^4.2.14"
    "@smithy/types" "^4.14.1"
    tslib "^2.6.2"

"@smithy/property-provider@^4.2.14":
  version "4.2.14"
  resolved "https://registry.yarnpkg.com/@smithy/property-provider/-/property-provider-4.2.14.tgz#8072418672d8c29d3f9ef35e452437ba2c59100a"
  integrity sha512-WuM31CgfsnQ/10i7NYr0PyxqknD72Y5uMfUMVSniPjbEPceiTErb4eIqJQ+pdxNEAUEWrewrGjIRjVbVHsxZiQ==
  dependencies:
    "@smithy/types" "^4.14.1"
    tslib "^2.6.2"

"@smithy/protocol-http@^5.3.14":
  version "5.3.14"
  resolved "https://registry.yarnpkg.com/@smithy/protocol-http/-/protocol-http-5.3.14.tgz#ed1e65cdb0fffb7fd00dce997c04baa236f180cc"
  integrity sha512-dN5F8kHx8RNU0r+pCwNmFZyz6ChjMkzShy/zup6MtkRmmix4vZzJdW+di7x//b1LiynIev88FM18ie+wwPcQtQ==
  dependencies:
    "@smithy/types" "^4.14.1"
    tslib "^2.6.2"

"@smithy/querystring-builder@^4.2.14":
  version "4.2.14"
  resolved "https://registry.yarnpkg.com/@smithy/querystring-builder/-/querystring-builder-4.2.14.tgz#102429e0fb004108babf219edfcf6f111e66d782"
  integrity sha512-XYA5Z0IqTeF+5XDdh4BBmSA0HvbgVZIyv4cmOoUheDNR57K1HgBp9ukUMx3Cr3XpDHHpLBnexPE3LAtDsZkj2A==
  dependencies:
    "@smithy/types" "^4.14.1"
    "@smithy/util-uri-escape" "^4.2.2"
    tslib "^2.6.2"

"@smithy/querystring-parser@^4.2.14":
  version "4.2.14"
  resolved "https://registry.yarnpkg.com/@smithy/querystring-parser/-/querystring-parser-4.2.14.tgz#c479ba1f346656b9f8ce46d9a91c229e4e50420f"
  integrity sha512-hr+YyqBD23GVvRxGGrcc/oOeNlK3PzT5Fu4dzrDXxzS1LpFiuL2PQQqKPs87M79aW7ziMs+nvB3qdw77SqE7Lw==
  dependencies:
    "@smithy/types" "^4.14.1"
    tslib "^2.6.2"

"@smithy/service-error-classification@^4.3.1":
  version "4.3.1"
  resolved "https://registry.yarnpkg.com/@smithy/service-error-classification/-/service-error-classification-4.3.1.tgz#5303d4fc3c3eea0f79c3b88cb4436498a31e9f12"
  integrity sha512-aUQuDGh760ts/8MU+APjIZhlLPKhIIfqyzZaJikLEIMrdxFvxuLYD0WxWzaYWpmLbQlXDe9p7EWM3HsBe0K6Gw==
  dependencies:
    "@smithy/types" "^4.14.1"

"@smithy/shared-ini-file-loader@^4.4.9":
  version "4.4.9"
  resolved "https://registry.yarnpkg.com/@smithy/shared-ini-file-loader/-/shared-ini-file-loader-4.4.9.tgz#fb3719b401d101a65a682380b40efd3a116162f0"
  integrity sha512-495/V2I15SHgedSJoDPD23JuSfKAp726ZI1V0wtjB07Wh7q/0tri/0e0DLefZCHgxZonrGKt/OCTpAtP1wE1kQ==
  dependencies:
    "@smithy/types" "^4.14.1"
    tslib "^2.6.2"

"@smithy/signature-v4@^5.3.14":
  version "5.3.14"
  resolved "https://registry.yarnpkg.com/@smithy/signature-v4/-/signature-v4-5.3.14.tgz#2b28c7d190301a67a520227a2343d1e7bb1c6d22"
  integrity sha512-1D9Y/nmlVjCeSivCbhZ7hgEpmHyY1h0GvpSZt3l0xcD9JjmjVC1CHOozS6+Gh+/ldMH8JuJ6cujObQqfayAVFA==
  dependencies:
    "@smithy/is-array-buffer" "^4.2.2"
    "@smithy/protocol-http" "^5.3.14"
    "@smithy/types" "^4.14.1"
    "@smithy/util-hex-encoding" "^4.2.2"
    "@smithy/util-middleware" "^4.2.14"
    "@smithy/util-uri-escape" "^4.2.2"
    "@smithy/util-utf8" "^4.2.2"
    tslib "^2.6.2"

"@smithy/smithy-client@^4.12.13":
  version "4.12.13"
  resolved "https://registry.yarnpkg.com/@smithy/smithy-client/-/smithy-client-4.12.13.tgz#dec184a1d2d5027370ae1582bddbdbc068c97da5"
  integrity sha512-y/Pcj1V9+qG98gyu1gvftHB7rDpdh+7kIBIggs55yGm3JdtBV8GT8IFF3a1qxZ79QnaJHX9GXzvBG6tAd+czJA==
  dependencies:
    "@smithy/core" "^3.23.17"
    "@smithy/middleware-endpoint" "^4.4.32"
    "@smithy/middleware-stack" "^4.2.14"
    "@smithy/protocol-http" "^5.3.14"
    "@smithy/types" "^4.14.1"
    "@smithy/util-stream" "^4.5.25"
    tslib "^2.6.2"

"@smithy/types@^4.14.1":
  version "4.14.1"
  resolved "https://registry.yarnpkg.com/@smithy/types/-/types-4.14.1.tgz#aba92b4cdb406f2a2b062e82f1e3728d809a7c23"
  integrity sha512-59b5HtSVrVR/eYNei3BUj3DCPKD/G7EtDDe7OEJE7i7FtQFugYo6MxbotS8mVJkLNVf8gYaAlEBwwtJ9HzhWSg==
  dependencies:
    tslib "^2.6.2"

"@smithy/url-parser@^4.2.14":
  version "4.2.14"
  resolved "https://registry.yarnpkg.com/@smithy/url-parser/-/url-parser-4.2.14.tgz#349a442a62eb5907533f204b73a010618198b073"
  integrity sha512-p06BiBigJ8bTA3MgnOfCtDUWnAMY0YfedO/GRpmc7p+wg3KW8vbXy1xwSu5ASy0wV7rRYtlfZOIKH4XqfhjSQQ==
  dependencies:
    "@smithy/querystring-parser" "^4.2.14"
    "@smithy/types" "^4.14.1"
    tslib "^2.6.2"

"@smithy/util-base64@^4.3.2":
  version "4.3.2"
  resolved "https://registry.yarnpkg.com/@smithy/util-base64/-/util-base64-4.3.2.tgz#be02bcb29a87be744356467ea25ffa413e695cea"
  integrity sha512-XRH6b0H/5A3SgblmMa5ErXQ2XKhfbQB+Fm/oyLZ2O2kCUrwgg55bU0RekmzAhuwOjA9qdN5VU2BprOvGGUkOOQ==
  dependencies:
    "@smithy/util-buffer-from" "^4.2.2"
    "@smithy/util-utf8" "^4.2.2"
    tslib "^2.6.2"

"@smithy/util-body-length-browser@^4.2.2":
  version "4.2.2"
  resolved "https://registry.yarnpkg.com/@smithy/util-body-length-browser/-/util-body-length-browser-4.2.2.tgz#c4404277d22039872abdb80e7800f9a63f263862"
  integrity sha512-JKCrLNOup3OOgmzeaKQwi4ZCTWlYR5H4Gm1r2uTMVBXoemo1UEghk5vtMi1xSu2ymgKVGW631e2fp9/R610ZjQ==
  dependencies:
    tslib "^2.6.2"

"@smithy/util-body-length-node@^4.2.3":
  version "4.2.3"
  resolved "https://registry.yarnpkg.com/@smithy/util-body-length-node/-/util-body-length-node-4.2.3.tgz#f923ca530defb86a9ac3ca2d3066bcca7b304fbc"
  integrity sha512-ZkJGvqBzMHVHE7r/hcuCxlTY8pQr1kMtdsVPs7ex4mMU+EAbcXppfo5NmyxMYi2XU49eqaz56j2gsk4dHHPG/g==
  dependencies:
    tslib "^2.6.2"

"@smithy/util-buffer-from@^2.2.0":
  version "2.2.0"
  resolved "https://registry.yarnpkg.com/@smithy/util-buffer-from/-/util-buffer-from-2.2.0.tgz#6fc88585165ec73f8681d426d96de5d402021e4b"
  integrity sha512-IJdWBbTcMQ6DA0gdNhh/BwrLkDR+ADW5Kr1aZmd4k3DIF6ezMV4R2NIAmT08wQJ3yUK82thHWmC/TnK/wpMMIA==
  dependencies:
    "@smithy/is-array-buffer" "^2.2.0"
    tslib "^2.6.2"

"@smithy/util-buffer-from@^4.2.2":
  version "4.2.2"
  resolved "https://registry.yarnpkg.com/@smithy/util-buffer-from/-/util-buffer-from-4.2.2.tgz#2c6b7857757dfd88f6cd2d36016179a40ccc913b"
  integrity sha512-FDXD7cvUoFWwN6vtQfEta540Y/YBe5JneK3SoZg9bThSoOAC/eGeYEua6RkBgKjGa/sz6Y+DuBZj3+YEY21y4Q==
  dependencies:
    "@smithy/is-array-buffer" "^4.2.2"
    tslib "^2.6.2"

"@smithy/util-config-provider@^4.2.2":
  version "4.2.2"
  resolved "https://registry.yarnpkg.com/@smithy/util-config-provider/-/util-config-provider-4.2.2.tgz#52ebf9d8942838d18bc5fb1520de1e8699d7aad6"
  integrity sha512-dWU03V3XUprJwaUIFVv4iOnS1FC9HnMHDfUrlNDSh4315v0cWyaIErP8KiqGVbf5z+JupoVpNM7ZB3jFiTejvQ==
  dependencies:
    tslib "^2.6.2"

"@smithy/util-defaults-mode-browser@^4.3.49":
  version "4.3.49"
  resolved "https://registry.yarnpkg.com/@smithy/util-defaults-mode-browser/-/util-defaults-mode-browser-4.3.49.tgz#926ce84bf65e56307f25cce7a13b427d33442939"
  integrity sha512-a5bNrdiONYB/qE2BuKegvUMd/+ZDwdg4vsNuuSzYE8qs2EYAdK9CynL+Rzn29PbPiUqoz/cbpRbcLzD5lEevHw==
  dependencies:
    "@smithy/property-provider" "^4.2.14"
    "@smithy/smithy-client" "^4.12.13"
    "@smithy/types" "^4.14.1"
    tslib "^2.6.2"

"@smithy/util-defaults-mode-node@^4.2.54":
  version "4.2.54"
  resolved "https://registry.yarnpkg.com/@smithy/util-defaults-mode-node/-/util-defaults-mode-node-4.2.54.tgz#32c4ea9f8a8c74ef9fe0ca5e3d6a10df0327f87e"
  integrity sha512-g1cvrJvOnzeJgEdf7AE4luI7gp6L8weE0y9a9wQUSGtjb8QRHDbCJYuE4Sy0SD9N8RrnNPFsPltAz/OSoBR9Zw==
  dependencies:
    "@smithy/config-resolver" "^4.4.17"
    "@smithy/credential-provider-imds" "^4.2.14"
    "@smithy/node-config-provider" "^4.3.14"
    "@smithy/property-provider" "^4.2.14"
    "@smithy/smithy-client" "^4.12.13"
    "@smithy/types" "^4.14.1"
    tslib "^2.6.2"

"@smithy/util-endpoints@^3.4.2":
  version "3.4.2"
  resolved "https://registry.yarnpkg.com/@smithy/util-endpoints/-/util-endpoints-3.4.2.tgz#ee59c42d039a642b6c6eb2d38e0ae3db6fc48e97"
  integrity sha512-a55Tr+3OKld4TTtnT+RhKOQHyPxm3j/xL4OR83WBUhLJaKDS9dnJ7arRMOp3t31dcLhApwG9bgvrRXBHlLdIkg==
  dependencies:
    "@smithy/node-config-provider" "^4.3.14"
    "@smithy/types" "^4.14.1"
    tslib "^2.6.2"

"@smithy/util-hex-encoding@^4.2.2":
  version "4.2.2"
  resolved "https://registry.yarnpkg.com/@smithy/util-hex-encoding/-/util-hex-encoding-4.2.2.tgz#4abf3335dd1eb884041d8589ca7628d81a6fd1d3"
  integrity sha512-Qcz3W5vuHK4sLQdyT93k/rfrUwdJ8/HZ+nMUOyGdpeGA1Wxt65zYwi3oEl9kOM+RswvYq90fzkNDahPS8K0OIg==
  dependencies:
    tslib "^2.6.2"

"@smithy/util-middleware@^4.2.14":
  version "4.2.14"
  resolved "https://registry.yarnpkg.com/@smithy/util-middleware/-/util-middleware-4.2.14.tgz#9985dd82b4036db2d03835229b9b0c63d2bb85fa"
  integrity sha512-1Su2vj9RYNDEv/V+2E+jXkkwGsgR7dc4sfHn9Z7ruzQHJIEni9zzw5CauvRXlFJfmgcqYP8fWa0dkh2Q2YaQyw==
  dependencies:
    "@smithy/types" "^4.14.1"
    tslib "^2.6.2"

"@smithy/util-retry@^4.3.5":
  version "4.3.5"
  resolved "https://registry.yarnpkg.com/@smithy/util-retry/-/util-retry-4.3.5.tgz#7ca07446905188bbbe7f0bbd171cc7682f461103"
  integrity sha512-h1IJsbgMDA+jaTjrco/JsyfWOgHRJBv8myB1y4AEI2fjIzD6ktZ7pFAyTw+gwN9GKIAygvC6db0mq0j8N2rFOg==
  dependencies:
    "@smithy/service-error-classification" "^4.3.1"
    "@smithy/types" "^4.14.1"
    tslib "^2.6.2"

"@smithy/util-stream@^4.5.25":
  version "4.5.25"
  resolved "https://registry.yarnpkg.com/@smithy/util-stream/-/util-stream-4.5.25.tgz#f48385a284151c7e099395af4e5fb0978fffe4ff"
  integrity sha512-/PFpG4k8Ze8Ei+mMKj3oiPICYekthuzePZMgZbCqMiXIHHf4n2aZ4Ps0aSRShycFTGuj/J6XldmC0x0DwednIA==
  dependencies:
    "@smithy/fetch-http-handler" "^5.3.17"
    "@smithy/node-http-handler" "^4.6.1"
    "@smithy/types" "^4.14.1"
    "@smithy/util-base64" "^4.3.2"
    "@smithy/util-buffer-from" "^4.2.2"
    "@smithy/util-hex-encoding" "^4.2.2"
    "@smithy/util-utf8" "^4.2.2"
    tslib "^2.6.2"

"@smithy/util-uri-escape@^4.2.2":
  version "4.2.2"
  resolved "https://registry.yarnpkg.com/@smithy/util-uri-escape/-/util-uri-escape-4.2.2.tgz#48e40206e7fe9daefc8d44bb43a1ab17e76abf4a"
  integrity sha512-2kAStBlvq+lTXHyAZYfJRb/DfS3rsinLiwb+69SstC9Vb0s9vNWkRwpnj918Pfi85mzi42sOqdV72OLxWAISnw==
  dependencies:
    tslib "^2.6.2"

"@smithy/util-utf8@^2.0.0":
  version "2.3.0"
  resolved "https://registry.yarnpkg.com/@smithy/util-utf8/-/util-utf8-2.3.0.tgz#dd96d7640363259924a214313c3cf16e7dd329c5"
  integrity sha512-R8Rdn8Hy72KKcebgLiv8jQcQkXoLMOGGv5uI1/k0l+snqkOzQ1R0ChUBCxWMlBsFMekWjq0wRudIweFs7sKT5A==
  dependencies:
    "@smithy/util-buffer-from" "^2.2.0"
    tslib "^2.6.2"

"@smithy/util-utf8@^4.2.2":
  version "4.2.2"
  resolved "https://registry.yarnpkg.com/@smithy/util-utf8/-/util-utf8-4.2.2.tgz#21db686982e6f3393ac262e49143b42370130f13"
  integrity sha512-75MeYpjdWRe8M5E3AW0O4Cx3UadweS+cwdXjwYGBW5h/gxxnbeZ877sLPX/ZJA9GVTlL/qG0dXP29JWFCD1Ayw==
  dependencies:
    "@smithy/util-buffer-from" "^4.2.2"
    tslib "^2.6.2"

"@smithy/uuid@^1.1.2":
  version "1.1.2"
  resolved "https://registry.yarnpkg.com/@smithy/uuid/-/uuid-1.1.2.tgz#b6e97c7158615e4a3c775e809c00d8c269b5a12e"
  integrity sha512-O/IEdcCUKkubz60tFbGA7ceITTAJsty+lBjNoorP4Z6XRqaFb/OjQjZODophEcuq68nKm6/0r+6/lLQ+XVpk8g==
  dependencies:
    tslib "^2.6.2"

"@types/jsonwebtoken@^9.0.10":
  version "9.0.10"
  resolved "https://registry.yarnpkg.com/@types/jsonwebtoken/-/jsonwebtoken-9.0.10.tgz#a7932a47177dcd4283b6146f3bd5c26d82647f09"
  integrity sha512-asx5hIG9Qmf/1oStypjanR7iKTv0gXQ1Ov/jfrX6kS/EO0OFni8orbmGCn0672NHR3kXHwpAwR+B368ZGN/2rA==
  dependencies:
    "@types/ms" "*"
    "@types/node" "*"

"@types/ms@*":
  version "2.1.0"
  resolved "https://registry.yarnpkg.com/@types/ms/-/ms-2.1.0.tgz#052aa67a48eccc4309d7f0191b7e41434b90bb78"
  integrity sha512-GsCCIZDE/p3i96vtEqx+7dBUGXrc7zeSK3wwPHIaRThS+9OhWIXRqzs4d6k1SVU8g91DrNRWxWUGhp5KXQb2VA==

"@types/node@*":
  version "25.9.1"
  resolved "https://registry.yarnpkg.com/@types/node/-/node-25.9.1.tgz#3bda556db500ae4319c08e7fc9ab94f19013ba0b"
  integrity sha512-xfrlY7UD5rMJk3ZVJP8BNzS28J36YJg+xp+LPXV1TdWxr8uMH5A860QNxYDGQe/ylDSgjxE52Q9VnO7p75tJxg==
  dependencies:
    undici-types ">=7.24.0 <7.24.7"

"@types/node@^22.10.2":
  version "22.19.17"
  resolved "https://registry.yarnpkg.com/@types/node/-/node-22.19.17.tgz#09c71fb34ba2510f8ac865361b1fcb9552b8a581"
  integrity sha512-wGdMcf+vPYM6jikpS/qhg6WiqSV/OhG+jeeHT/KlVqxYfD40iYJf9/AE1uQxVWFvU7MipKRkRv8NSHiCGgPr8Q==
  dependencies:
    undici-types "~6.21.0"

aws-ssl-profiles@^1.1.2:
  version "1.1.2"
  resolved "https://registry.yarnpkg.com/aws-ssl-profiles/-/aws-ssl-profiles-1.1.2.tgz#157dd77e9f19b1d123678e93f120e6f193022641"
  integrity sha512-NZKeq9AfyQvEeNlN0zSYAaWrmBffJh3IELMZfRpJVWgrpEbtEpnjvzqBPf+mxoI287JohRDoa+/nsfqqiZmF6g==

bowser@^2.11.0:
  version "2.14.1"
  resolved "https://registry.yarnpkg.com/bowser/-/bowser-2.14.1.tgz#4ea39bf31e305184522d7ad7bfd91389e4f0cb79"
  integrity sha512-tzPjzCxygAKWFOJP011oxFHs57HzIhOEracIgAePE4pqB3LikALKnSzUyU4MGs9/iCEUuHlAJTjTc5M+u7YEGg==

buffer-equal-constant-time@^1.0.1:
  version "1.0.1"
  resolved "https://registry.yarnpkg.com/buffer-equal-constant-time/-/buffer-equal-constant-time-1.0.1.tgz#f8e71132f7ffe6e01a5c9697a4c6f3e48d5cc819"
  integrity sha512-zRpUiDwd/xk6ADqPMATG8vc9VPrkck7T07OIx0gnjmJAnHnTVXNQG3vfvWNuiZIkwu9KrKdA1iJKfsfTVxE6NA==

denque@^2.1.0:
  version "2.1.0"
  resolved "https://registry.yarnpkg.com/denque/-/denque-2.1.0.tgz#e93e1a6569fb5e66f16a3c2a2964617d349d6ab1"
  integrity sha512-HVQE3AAb/pxF8fQAoiqpvg9i3evqug3hoiwakOyZAwJm+6vZehbkYXZ0l4JxS+I3QxM97v5aaRNhj8v5oBhekw==

ecdsa-sig-formatter@1.0.11:
  version "1.0.11"
  resolved "https://registry.yarnpkg.com/ecdsa-sig-formatter/-/ecdsa-sig-formatter-1.0.11.tgz#ae0f0fa2d85045ef14a817daa3ce9acd0489e5bf"
  integrity sha512-nagl3RYrbNv6kQkeJIpt6NJZy8twLB/2vtz6yN9Z4vRKHN4/QZJIEbqohALSgwKdnksuY3k5Addp5lg8sVoVcQ==
  dependencies:
    safe-buffer "^5.0.1"

fast-xml-builder@^1.1.5:
  version "1.1.5"
  resolved "https://registry.yarnpkg.com/fast-xml-builder/-/fast-xml-builder-1.1.5.tgz#50188e1452a5fa095f415d3e63dcac0a1dbcbf11"
  integrity sha512-4TJn/8FKLeslLAH3dnohXqE3QSoxkhvaMzepOIZytwJXZO69Bfz0HBdDHzOTOon6G59Zrk6VQ2bEiv1t61rfkA==
  dependencies:
    path-expression-matcher "^1.1.3"

fast-xml-parser@5.7.2:
  version "5.7.2"
  resolved "https://registry.yarnpkg.com/fast-xml-parser/-/fast-xml-parser-5.7.2.tgz#fecd0b054c6c132fc03dab994a413da781e0eb9f"
  integrity sha512-P7oW7tLbYnhOLQk/Gv7cZgzgMPP/XN03K02/Jy6Y/NHzyIAIpxuZIM/YqAkfiXFPxA2CTm7NtCijK9EDu09u2w==
  dependencies:
    "@nodable/entities" "^2.1.0"
    fast-xml-builder "^1.1.5"
    path-expression-matcher "^1.5.0"
    strnum "^2.2.3"

generate-function@^2.3.1:
  version "2.3.1"
  resolved "https://registry.yarnpkg.com/generate-function/-/generate-function-2.3.1.tgz#f069617690c10c868e73b8465746764f97c3479f"
  integrity sha512-eeB5GfMNeevm/GRYq20ShmsaGcmI81kIX2K9XQx5miC8KdHaC6Jm0qQ8ZNeGOi7wYB8OsdxKs+Y2oVuTFuVwKQ==
  dependencies:
    is-property "^1.0.2"

iconv-lite@^0.7.2:
  version "0.7.2"
  resolved "https://registry.yarnpkg.com/iconv-lite/-/iconv-lite-0.7.2.tgz#d0bdeac3f12b4835b7359c2ad89c422a4d1cc72e"
  integrity sha512-im9DjEDQ55s9fL4EYzOAv0yMqmMBSZp6G0VvFyTMPKWxiSBHUj9NW/qqLmXUwXrrM7AvqSlTCfvqRb0cM8yYqw==
  dependencies:
    safer-buffer ">= 2.1.2 < 3.0.0"

is-property@^1.0.2:
  version "1.0.2"
  resolved "https://registry.yarnpkg.com/is-property/-/is-property-1.0.2.tgz#57fe1c4e48474edd65b09911f26b1cd4095dda84"
  integrity sha512-Ks/IoX00TtClbGQr4TWXemAnktAQvYB7HzcCxDGqEZU6oCmb2INHuOoKxbtR+HFkmYWBKv/dOZtGRiAjDhj92g==

jsonwebtoken@^9.0.3:
  version "9.0.3"
  resolved "https://registry.yarnpkg.com/jsonwebtoken/-/jsonwebtoken-9.0.3.tgz#6cd57ab01e9b0ac07cb847d53d3c9b6ee31f7ae2"
  integrity sha512-MT/xP0CrubFRNLNKvxJ2BYfy53Zkm++5bX9dtuPbqAeQpTVe0MQTFhao8+Cp//EmJp244xt6Drw/GVEGCUj40g==
  dependencies:
    jws "^4.0.1"
    lodash.includes "^4.3.0"
    lodash.isboolean "^3.0.3"
    lodash.isinteger "^4.0.4"
    lodash.isnumber "^3.0.3"
    lodash.isplainobject "^4.0.6"
    lodash.isstring "^4.0.1"
    lodash.once "^4.0.0"
    ms "^2.1.1"
    semver "^7.5.4"

jwa@^2.0.1:
  version "2.0.1"
  resolved "https://registry.yarnpkg.com/jwa/-/jwa-2.0.1.tgz#bf8176d1ad0cd72e0f3f58338595a13e110bc804"
  integrity sha512-hRF04fqJIP8Abbkq5NKGN0Bbr3JxlQ+qhZufXVr0DvujKy93ZCbXZMHDL4EOtodSbCWxOqR8MS1tXA5hwqCXDg==
  dependencies:
    buffer-equal-constant-time "^1.0.1"
    ecdsa-sig-formatter "1.0.11"
    safe-buffer "^5.0.1"

jws@^4.0.1:
  version "4.0.1"
  resolved "https://registry.yarnpkg.com/jws/-/jws-4.0.1.tgz#07edc1be8fac20e677b283ece261498bd38f0690"
  integrity sha512-EKI/M/yqPncGUUh44xz0PxSidXFr/+r0pA70+gIYhjv+et7yxM+s29Y+VGDkovRofQem0fs7Uvf4+YmAdyRduA==
  dependencies:
    jwa "^2.0.1"
    safe-buffer "^5.0.1"

lodash.includes@^4.3.0:
  version "4.3.0"
  resolved "https://registry.yarnpkg.com/lodash.includes/-/lodash.includes-4.3.0.tgz#60bb98a87cb923c68ca1e51325483314849f553f"
  integrity sha512-W3Bx6mdkRTGtlJISOvVD/lbqjTlPPUDTMnlXZFnVwi9NKJ6tiAk6LVdlhZMm17VZisqhKcgzpO5Wz91PCt5b0w==

lodash.isboolean@^3.0.3:
  version "3.0.3"
  resolved "https://registry.yarnpkg.com/lodash.isboolean/-/lodash.isboolean-3.0.3.tgz#6c2e171db2a257cd96802fd43b01b20d5f5870f6"
  integrity sha512-Bz5mupy2SVbPHURB98VAcw+aHh4vRV5IPNhILUCsOzRmsTmSQ17jIuqopAentWoehktxGd9e/hbIXq980/1QJg==

lodash.isinteger@^4.0.4:
  version "4.0.4"
  resolved "https://registry.yarnpkg.com/lodash.isinteger/-/lodash.isinteger-4.0.4.tgz#619c0af3d03f8b04c31f5882840b77b11cd68343"
  integrity sha512-DBwtEWN2caHQ9/imiNeEA5ys1JoRtRfY3d7V9wkqtbycnAmTvRRmbHKDV4a0EYc678/dia0jrte4tjYwVBaZUA==

lodash.isnumber@^3.0.3:
  version "3.0.3"
  resolved "https://registry.yarnpkg.com/lodash.isnumber/-/lodash.isnumber-3.0.3.tgz#3ce76810c5928d03352301ac287317f11c0b1ffc"
  integrity sha512-QYqzpfwO3/CWf3XP+Z+tkQsfaLL/EnUlXWVkIk5FUPc4sBdTehEqZONuyRt2P67PXAk+NXmTBcc97zw9t1FQrw==

lodash.isplainobject@^4.0.6:
  version "4.0.6"
  resolved "https://registry.yarnpkg.com/lodash.isplainobject/-/lodash.isplainobject-4.0.6.tgz#7c526a52d89b45c45cc690b88163be0497f550cb"
  integrity sha512-oSXzaWypCMHkPC3NvBEaPHf0KsA5mvPrOPgQWDsbg8n7orZ290M0BmC/jgRZ4vcJ6DTAhjrsSYgdsW/F+MFOBA==

lodash.isstring@^4.0.1:
  version "4.0.1"
  resolved "https://registry.yarnpkg.com/lodash.isstring/-/lodash.isstring-4.0.1.tgz#d527dfb5456eca7cc9bb95d5daeaf88ba54a5451"
  integrity sha512-0wJxfxH1wgO3GrbuP+dTTk7op+6L41QCXbGINEmD+ny/G/eCqGzxyCsh7159S+mgDDcoarnBw6PC1PS5+wUGgw==

lodash.once@^4.0.0:
  version "4.1.1"
  resolved "https://registry.yarnpkg.com/lodash.once/-/lodash.once-4.1.1.tgz#0dd3971213c7c56df880977d504c88fb471a97ac"
  integrity sha512-Sb487aTOCr9drQVL8pIxOzVhafOjZN9UU54hiN8PU3uAiSV7lx1yYNpbNmex2PK6dSJoNTSJUUswT651yww3Mg==

long@^5.3.2:
  version "5.3.2"
  resolved "https://registry.yarnpkg.com/long/-/long-5.3.2.tgz#1d84463095999262d7d7b7f8bfd4a8cc55167f83"
  integrity sha512-mNAgZ1GmyNhD7AuqnTG3/VQ26o760+ZYBPKjPvugO8+nLbYfX6TVpJPseBvopbdY+qpZ/lKUnmEc1LeZYS3QAA==

lru.min@^1.1.0, lru.min@^1.1.4:
  version "1.1.4"
  resolved "https://registry.yarnpkg.com/lru.min/-/lru.min-1.1.4.tgz#6ea1737a8c1ba2300cc87ad46910a4bdffa0117b"
  integrity sha512-DqC6n3QQ77zdFpCMASA1a3Jlb64Hv2N2DciFGkO/4L9+q/IpIAuRlKOvCXabtRW6cQf8usbmM6BE/TOPysCdIA==

ms@^2.1.1:
  version "2.1.3"
  resolved "https://registry.yarnpkg.com/ms/-/ms-2.1.3.tgz#574c8138ce1d2b5861f0b44579dbadd60c6615b2"
  integrity sha512-6FlzubTLZG3J2a/NVCAleEhjzq5oxgHyaCU9yYXvcLsvoVaHJq/s5xXI6/XXP6tz7R9xAOtHnSO/tXtF3WRTlA==

mysql2@^3.16.0:
  version "3.22.3"
  resolved "https://registry.yarnpkg.com/mysql2/-/mysql2-3.22.3.tgz#884a36a1171501ef752ba90057dbcde528f322e3"
  integrity sha512-uWWxvZSRvRhtBdh2CdcuK83YcOfPdmEeEYB069bAmPnV93QApDGVPuvCQOLjlh7tYHEWdgQPrn6kosDxHBVLkA==
  dependencies:
    aws-ssl-profiles "^1.1.2"
    denque "^2.1.0"
    generate-function "^2.3.1"
    iconv-lite "^0.7.2"
    long "^5.3.2"
    lru.min "^1.1.4"
    named-placeholders "^1.1.6"
    sql-escaper "^1.3.3"

named-placeholders@^1.1.6:
  version "1.1.6"
  resolved "https://registry.yarnpkg.com/named-placeholders/-/named-placeholders-1.1.6.tgz#c50c6920b43f258f59c16add1e56654f5cc02bb5"
  integrity sha512-Tz09sEL2EEuv5fFowm419c1+a/jSMiBjI9gHxVLrVdbUkkNUUfjsVYs9pVZu5oCon/kmRh9TfLEObFtkVxmY0w==
  dependencies:
    lru.min "^1.1.0"

path-expression-matcher@^1.1.3, path-expression-matcher@^1.5.0:
  version "1.5.0"
  resolved "https://registry.yarnpkg.com/path-expression-matcher/-/path-expression-matcher-1.5.0.tgz#3b98545dc88ffebb593e2d8458d0929da9275f4a"
  integrity sha512-cbrerZV+6rvdQrrD+iGMcZFEiiSrbv9Tfdkvnusy6y0x0GKBXREFg/Y65GhIfm0tnLntThhzCnfKwp1WRjeCyQ==

safe-buffer@^5.0.1:
  version "5.2.1"
  resolved "https://registry.yarnpkg.com/safe-buffer/-/safe-buffer-5.2.1.tgz#1eaf9fa9bdb1fdd4ec75f58f9cdb4e6b7827eec6"
  integrity sha512-rp3So07KcdmmKbGvgaNxQSJr7bGVSVk5S9Eq1F+ppbRo70+YeaDxkw5Dd8NPN+GD6bjnYm2VuPuCXmpuYvmCXQ==

"safer-buffer@>= 2.1.2 < 3.0.0":
  version "2.1.2"
  resolved "https://registry.yarnpkg.com/safer-buffer/-/safer-buffer-2.1.2.tgz#44fa161b0187b9549dd84bb91802f9bd8385cd6a"
  integrity sha512-YZo3K82SD7Riyi0E1EQPojLz7kpepnSQI9IyPbHHg1XXXevb5dJI7tpyN2ADxGcQbHG7vcyRHk0cbwqcQriUtg==

semver@^7.5.4:
  version "7.8.1"
  resolved "https://registry.yarnpkg.com/semver/-/semver-7.8.1.tgz#bf4970b5e70fda0686363cc18bfe8805d5ed957e"
  integrity sha512-rkVq3IXh+4FDGch+KwzX3aV9W3kO54GyEgpvBzSyctDA6Xtd7RJQV1xmXbeQp5v7+VzLOfVqiutSE6GICgPFvg==

sql-escaper@^1.3.3:
  version "1.3.3"
  resolved "https://registry.yarnpkg.com/sql-escaper/-/sql-escaper-1.3.3.tgz#65faf89f048d26bb9a75566b82b5990ddf8a5b7f"
  integrity sha512-BsTCV265VpTp8tm1wyIm1xqQCS+Q9NHx2Sr+WcnUrgLrQ6yiDIvHYJV5gHxsj1lMBy2zm5twLaZao8Jd+S8JJw==

strnum@^2.2.3:
  version "2.2.3"
  resolved "https://registry.yarnpkg.com/strnum/-/strnum-2.2.3.tgz#0119fce02749a11bb126a4d686ac5dbdf6e57586"
  integrity sha512-oKx6RUCuHfT3oyVjtnrmn19H1SiCqgJSg+54XqURKp5aCMbrXrhLjRN9TjuwMjiYstZ0MzDrHqkGZ5dFTKd+zg==

tslib@^2.6.2:
  version "2.8.1"
  resolved "https://registry.yarnpkg.com/tslib/-/tslib-2.8.1.tgz#612efe4ed235d567e8aba5f2a5fab70280ade83f"
  integrity sha512-oJFu94HQb+KVduSUQL7wnpmqnfmLsOA/nAh6b6EH0wCEoK0/mPeXU6c3wKDV83MkOuHPRHtSXKKU99IBazS/2w==

typescript@^5.7.2:
  version "5.9.3"
  resolved "https://registry.yarnpkg.com/typescript/-/typescript-5.9.3.tgz#5b4f59e15310ab17a216f5d6cf53ee476ede670f"
  integrity sha512-jl1vZzPDinLr9eUt3J/t7V6FgNEw9QjvBPdysz9KfQDD41fQrC2Y4vKQdiaUpFT4bXlb1RHhLpp8wtm6M5TgSw==

"undici-types@>=7.24.0 <7.24.7":
  version "7.24.6"
  resolved "https://registry.yarnpkg.com/undici-types/-/undici-types-7.24.6.tgz#61275b485d7fd4e9d269c7cf04ec2873c9cc0f91"
  integrity sha512-WRNW+sJgj5OBN4/0JpHFqtqzhpbnV0GuB+OozA9gCL7a993SmU+1JBZCzLNxYsbMfIeDL+lTsphD5jN5N+n0zg==

undici-types@~6.21.0:
  version "6.21.0"
  resolved "https://registry.yarnpkg.com/undici-types/-/undici-types-6.21.0.tgz#691d00af3909be93a7faa13be61b3a5b50ef12cb"
  integrity sha512-iwDZqg0QAGrg9Rav5H4n0M64c3mkR59cJ6wQp+7C4nI0gsmExaedaYLNO44eT4AtBBwjbTiGPMlt2Md0T9H9JQ==
